<?xml version="1.0" encoding="utf-8"?>
<Project ToolsVersion="4.0" xmlns="http://schemas.microsoft.com/developer/msbuild/2003">
  <ItemGroup>
    <ClCompile Include="wndproc\wndproc.cpp">
      <Filter>wndproc</Filter>
    </ClCompile>
    <ClCompile Include="WinMain.cpp" />
    <ClCompile Include="Win32\Window\Window.cpp">
      <Filter>Win32\Window</Filter>
    </ClCompile>
    <ClCompile Include="framework\EventDispatcher.cpp">
      <Filter>framework</Filter>
    </ClCompile>
    <ClCompile Include="framework\EventProcessor.cpp">
      <Filter>framework</Filter>
    </ClCompile>
    <ClCompile Include="test event processor\processor.cpp">
      <Filter>test event processor</Filter>
    </ClCompile>
  </ItemGroup>
  <ItemGroup>
    <Filter Include="wndproc">
      <UniqueIdentifier>{8461f97c-1303-433e-a381-4f8181fbb004}</UniqueIdentifier>
    </Filter>
    <Filter Include="Win32">
      <UniqueIdentifier>{d34c9cea-afa3-4d05-ae5f-f730e61505ce}</UniqueIdentifier>
    </Filter>
    <Filter Include="Win32\Window">
      <UniqueIdentifier>{7a5c700a-147c-4a85-866e-496cfd57b16d}</UniqueIdentifier>
    </Filter>
    <Filter Include="framework">
      <UniqueIdentifier>{5e97af24-97e7-44e5-a3b6-d2bf04cf2f08}</UniqueIdentifier>
    </Filter>
    <Filter Include="test event processor">
      <UniqueIdentifier>{eba6df0e-3177-414f-990e-f7a06940626e}</UniqueIdentifier>
    </Filter>
  </ItemGroup>
  <ItemGroup>
    <ClInclude Include="wndproc\wndproc.h">
      <Filter>wndproc</Filter>
    </ClInclude>
    <ClInclude Include="Win32\WinInclude.h">
      <Filter>Win32</Filter>
    </ClInclude>
    <ClInclude Include="Win32\Window\Window.h">
      <Filter>Win32\Window</Filter>
    </ClInclude>
    <ClInclude Include="framework\EventProcessor.h">
      <Filter>framework</Filter>
    </ClInclude>
    <ClInclude Include="framework\EventDispatcher.h">
      <Filter>framework</Filter>
    </ClInclude>
    <ClInclude Include="test event processor\processor.h">
      <Filter>test event processor</Filter>
    </ClInclude>
    <ClInclude Include="framework\EventInfo.h">
      <Filter>framework</Filter>
    </ClInclude>
  </ItemGroup>
</Project>